
Microsoft Visual Studio Solution File, Format Version 12.00
# Visual Studio Version 16
VisualStudioVersion = 25.0.1706.8
MinimumVisualStudioVersion = 10.0.40219.1
Project("{FAE04EC0-301F-11D3-BF4B-00C04F79EFBC}") = "COMP2139-Labs", "COMP2139-Labs.csproj", "{3A7CDA2A-B59B-48F8-9012-481FD062861F}"
EndProject
Global
	GlobalSection(SolutionConfigurationPlatforms) = preSolution
		Debug|Any CPU = Debug|Any CPU
		Release|Any CPU = Release|Any CPU
	EndGlobalSection
	GlobalSection(ProjectConfigurationPlatforms) = postSolution
		{3A7CDA2A-B59B-48F8-9012-481FD062861F}.Debug|Any CPU.ActiveCfg = Debug|Any CPU
		{3A7CDA2A-B59B-48F8-9012-481FD062861F}.Debug|Any CPU.Build.0 = Debug|Any CPU
		{3A7CDA2A-B59B-48F8-9012-481FD062861F}.Release|Any CPU.ActiveCfg = Release|Any CPU
		{3A7CDA2A-B59B-48F8-9012-481FD062861F}.Release|Any CPU.Build.0 = Release|Any CPU
	EndGlobalSection
	GlobalSection(SolutionProperties) = preSolution
		HideSolutionNode = FALSE
	EndGlobalSection
	GlobalSection(ExtensibilityGlobals) = postSolution
		SolutionGuid = {C2DA953C-3BC3-4A2B-8F7C-A0E4E07E6063}
	EndGlobalSection
EndGlobal
